
Microsoft Visual Studio Solution File, Format Version 12.00
# Visual Studio 15
VisualStudioVersion = 15.0.27703.2035
MinimumVisualStudioVersion = 10.0.40219.1
Project("{FAE04EC0-301F-11D3-BF4B-00C04F79EFBC}") = "XF.Recursos.Android", "XF.Recursos\XF.Recursos.Android\XF.Recursos.Android.csproj", "{ACE5386E-8289-4CBE-B195-2521F175040B}"
EndProject
Project("{FAE04EC0-301F-11D3-BF4B-00C04F79EFBC}") = "XF.Recursos.iOS", "XF.Recursos\XF.Recursos.iOS\XF.Recursos.iOS.csproj", "{0E7B26D4-F2BF-4906-B8BD-CEC0306E042D}"
EndProject
Project("{FAE04EC0-301F-11D3-BF4B-00C04F79EFBC}") = "XF.Recursos", "XF.Recursos\XF.Recursos\XF.Recursos.csproj", "{407B5155-D828-42AD-AD8A-52FE20A8857D}"
EndProject
Global
	GlobalSection(SolutionConfigurationPlatforms) = preSolution
		Ad-Hoc|Any CPU = Ad-Hoc|Any CPU
		Ad-Hoc|iPhone = Ad-Hoc|iPhone
		Ad-Hoc|iPhoneSimulator = Ad-Hoc|iPhoneSimulator
		AppStore|Any CPU = AppStore|Any CPU
		AppStore|iPhone = AppStore|iPhone
		AppStore|iPhoneSimulator = AppStore|iPhoneSimulator
		Debug|Any CPU = Debug|Any CPU
		Debug|iPhone = Debug|iPhone
		Debug|iPhoneSimulator = Debug|iPhoneSimulator
		Release|Any CPU = Release|Any CPU
		Release|iPhone = Release|iPhone
		Release|iPhoneSimulator = Release|iPhoneSimulator
	EndGlobalSection
	GlobalSection(ProjectConfigurationPlatforms) = postSolution
		{ACE5386E-8289-4CBE-B195-2521F175040B}.Ad-Hoc|Any CPU.ActiveCfg = Release|Any CPU
		{ACE5386E-8289-4CBE-B195-2521F175040B}.Ad-Hoc|Any CPU.Build.0 = Release|Any CPU
		{ACE5386E-8289-4CBE-B195-2521F175040B}.Ad-Hoc|Any CPU.Deploy.0 = Release|Any CPU
		{ACE5386E-8289-4CBE-B195-2521F175040B}.Ad-Hoc|iPhone.ActiveCfg = Release|Any CPU
		{ACE5386E-8289-4CBE-B195-2521F175040B}.Ad-Hoc|iPhone.Build.0 = Release|Any CPU
		{ACE5386E-8289-4CBE-B195-2521F175040B}.Ad-Hoc|iPhone.Deploy.0 = Release|Any CPU
		{ACE5386E-8289-4CBE-B195-2521F175040B}.Ad-Hoc|iPhoneSimulator.ActiveCfg = Release|Any CPU
		{ACE5386E-8289-4CBE-B195-2521F175040B}.Ad-Hoc|iPhoneSimulator.Build.0 = Release|Any CPU
		{ACE5386E-8289-4CBE-B195-2521F175040B}.Ad-Hoc|iPhoneSimulator.Deploy.0 = Release|Any CPU
		{ACE5386E-8289-4CBE-B195-2521F175040B}.AppStore|Any CPU.ActiveCfg = Release|Any CPU
		{ACE5386E-8289-4CBE-B195-2521F175040B}.AppStore|Any CPU.Build.0 = Release|Any CPU
		{ACE5386E-8289-4CBE-B195-2521F175040B}.AppStore|Any CPU.Deploy.0 = Release|Any CPU
		{ACE5386E-8289-4CBE-B195-2521F175040B}.AppStore|iPhone.ActiveCfg = Release|Any CPU
		{ACE5386E-8289-4CBE-B195-2521F175040B}.AppStore|iPhone.Build.0 = Release|Any CPU
		{ACE5386E-8289-4CBE-B195-2521F175040B}.AppStore|iPhone.Deploy.0 = Release|Any CPU
		{ACE5386E-8289-4CBE-B195-2521F175040B}.AppStore|iPhoneSimulator.ActiveCfg = Release|Any CPU
		{ACE5386E-8289-4CBE-B195-2521F175040B}.AppStore|iPhoneSimulator.Build.0 = Release|Any CPU
		{ACE5386E-8289-4CBE-B195-2521F175040B}.AppStore|iPhoneSimulator.Deploy.0 = Release|Any CPU
		{ACE5386E-8289-4CBE-B195-2521F175040B}.Debug|Any CPU.ActiveCfg = Debug|Any CPU
		{ACE5386E-8289-4CBE-B195-2521F175040B}.Debug|Any CPU.Build.0 = Debug|Any CPU
		{ACE5386E-8289-4CBE-B195-2521F175040B}.Debug|Any CPU.Deploy.0 = Debug|Any CPU
		{ACE5386E-8289-4CBE-B195-2521F175040B}.Debug|iPhone.ActiveCfg = Debug|Any CPU
		{ACE5386E-8289-4CBE-B195-2521F175040B}.Debug|iPhone.Build.0 = Debug|Any CPU
		{ACE5386E-8289-4CBE-B195-2521F175040B}.Debug|iPhone.Deploy.0 = Debug|Any CPU
		{ACE5386E-8289-4CBE-B195-2521F175040B}.Debug|iPhoneSimulator.ActiveCfg = Debug|Any CPU
		{ACE5386E-8289-4CBE-B195-2521F175040B}.Debug|iPhoneSimulator.Build.0 = Debug|Any CPU
		{ACE5386E-8289-4CBE-B195-2521F175040B}.Debug|iPhoneSimulator.Deploy.0 = Debug|Any CPU
		{ACE5386E-8289-4CBE-B195-2521F175040B}.Release|Any CPU.ActiveCfg = Release|Any CPU
		{ACE5386E-8289-4CBE-B195-2521F175040B}.Release|Any CPU.Build.0 = Release|Any CPU
		{ACE5386E-8289-4CBE-B195-2521F175040B}.Release|Any CPU.Deploy.0 = Release|Any CPU
		{ACE5386E-8289-4CBE-B195-2521F175040B}.Release|iPhone.ActiveCfg = Release|Any CPU
		{ACE5386E-8289-4CBE-B195-2521F175040B}.Release|iPhone.Build.0 = Release|Any CPU
		{ACE5386E-8289-4CBE-B195-2521F175040B}.Release|iPhone.Deploy.0 = Release|Any CPU
		{ACE5386E-8289-4CBE-B195-2521F175040B}.Release|iPhoneSimulator.ActiveCfg = Release|Any CPU
		{ACE5386E-8289-4CBE-B195-2521F175040B}.Release|iPhoneSimulator.Build.0 = Release|Any CPU
		{ACE5386E-8289-4CBE-B195-2521F175040B}.Release|iPhoneSimulator.Deploy.0 = Release|Any CPU
		{0E7B26D4-F2BF-4906-B8BD-CEC0306E042D}.Ad-Hoc|Any CPU.ActiveCfg = Ad-Hoc|iPhone
		{0E7B26D4-F2BF-4906-B8BD-CEC0306E042D}.Ad-Hoc|Any CPU.Build.0 = Ad-Hoc|iPhone
		{0E7B26D4-F2BF-4906-B8BD-CEC0306E042D}.Ad-Hoc|Any CPU.Deploy.0 = Ad-Hoc|iPhone
		{0E7B26D4-F2BF-4906-B8BD-CEC0306E042D}.Ad-Hoc|iPhone.ActiveCfg = Ad-Hoc|iPhone
		{0E7B26D4-F2BF-4906-B8BD-CEC0306E042D}.Ad-Hoc|iPhone.Build.0 = Ad-Hoc|iPhone
		{0E7B26D4-F2BF-4906-B8BD-CEC0306E042D}.Ad-Hoc|iPhone.Deploy.0 = Ad-Hoc|iPhone
		{0E7B26D4-F2BF-4906-B8BD-CEC0306E042D}.Ad-Hoc|iPhoneSimulator.ActiveCfg = Ad-Hoc|iPhoneSimulator
		{0E7B26D4-F2BF-4906-B8BD-CEC0306E042D}.Ad-Hoc|iPhoneSimulator.Build.0 = Ad-Hoc|iPhoneSimulator
		{0E7B26D4-F2BF-4906-B8BD-CEC0306E042D}.Ad-Hoc|iPhoneSimulator.Deploy.0 = Ad-Hoc|iPhoneSimulator
		{0E7B26D4-F2BF-4906-B8BD-CEC0306E042D}.AppStore|Any CPU.ActiveCfg = AppStore|iPhone
		{0E7B26D4-F2BF-4906-B8BD-CEC0306E042D}.AppStore|Any CPU.Build.0 = AppStore|iPhone
		{0E7B26D4-F2BF-4906-B8BD-CEC0306E042D}.AppStore|Any CPU.Deploy.0 = AppStore|iPhone
		{0E7B26D4-F2BF-4906-B8BD-CEC0306E042D}.AppStore|iPhone.ActiveCfg = AppStore|iPhone
		{0E7B26D4-F2BF-4906-B8BD-CEC0306E042D}.AppStore|iPhone.Build.0 = AppStore|iPhone
		{0E7B26D4-F2BF-4906-B8BD-CEC0306E042D}.AppStore|iPhone.Deploy.0 = AppStore|iPhone
		{0E7B26D4-F2BF-4906-B8BD-CEC0306E042D}.AppStore|iPhoneSimulator.ActiveCfg = AppStore|iPhoneSimulator
		{0E7B26D4-F2BF-4906-B8BD-CEC0306E042D}.AppStore|iPhoneSimulator.Build.0 = AppStore|iPhoneSimulator
		{0E7B26D4-F2BF-4906-B8BD-CEC0306E042D}.AppStore|iPhoneSimulator.Deploy.0 = AppStore|iPhoneSimulator
		{0E7B26D4-F2BF-4906-B8BD-CEC0306E042D}.Debug|Any CPU.ActiveCfg = Debug|iPhoneSimulator
		{0E7B26D4-F2BF-4906-B8BD-CEC0306E042D}.Debug|Any CPU.Build.0 = Debug|iPhoneSimulator
		{0E7B26D4-F2BF-4906-B8BD-CEC0306E042D}.Debug|Any CPU.Deploy.0 = Debug|iPhoneSimulator
		{0E7B26D4-F2BF-4906-B8BD-CEC0306E042D}.Debug|iPhone.ActiveCfg = Debug|iPhone
		{0E7B26D4-F2BF-4906-B8BD-CEC0306E042D}.Debug|iPhone.Build.0 = Debug|iPhone
		{0E7B26D4-F2BF-4906-B8BD-CEC0306E042D}.Debug|iPhone.Deploy.0 = Debug|iPhone
		{0E7B26D4-F2BF-4906-B8BD-CEC0306E042D}.Debug|iPhoneSimulator.ActiveCfg = Debug|iPhoneSimulator
		{0E7B26D4-F2BF-4906-B8BD-CEC0306E042D}.Debug|iPhoneSimulator.Build.0 = Debug|iPhoneSimulator
		{0E7B26D4-F2BF-4906-B8BD-CEC0306E042D}.Debug|iPhoneSimulator.Deploy.0 = Debug|iPhoneSimulator
		{0E7B26D4-F2BF-4906-B8BD-CEC0306E042D}.Release|Any CPU.ActiveCfg = Release|iPhone
		{0E7B26D4-F2BF-4906-B8BD-CEC0306E042D}.Release|Any CPU.Build.0 = Release|iPhone
		{0E7B26D4-F2BF-4906-B8BD-CEC0306E042D}.Release|Any CPU.Deploy.0 = Release|iPhone
		{0E7B26D4-F2BF-4906-B8BD-CEC0306E042D}.Release|iPhone.ActiveCfg = Release|iPhone
		{0E7B26D4-F2BF-4906-B8BD-CEC0306E042D}.Release|iPhone.Build.0 = Release|iPhone
		{0E7B26D4-F2BF-4906-B8BD-CEC0306E042D}.Release|iPhone.Deploy.0 = Release|iPhone
		{0E7B26D4-F2BF-4906-B8BD-CEC0306E042D}.Release|iPhoneSimulator.ActiveCfg = Release|iPhoneSimulator
		{0E7B26D4-F2BF-4906-B8BD-CEC0306E042D}.Release|iPhoneSimulator.Build.0 = Release|iPhoneSimulator
		{0E7B26D4-F2BF-4906-B8BD-CEC0306E042D}.Release|iPhoneSimulator.Deploy.0 = Release|iPhoneSimulator
		{407B5155-D828-42AD-AD8A-52FE20A8857D}.Ad-Hoc|Any CPU.ActiveCfg = Debug|Any CPU
		{407B5155-D828-42AD-AD8A-52FE20A8857D}.Ad-Hoc|Any CPU.Build.0 = Debug|Any CPU
		{407B5155-D828-42AD-AD8A-52FE20A8857D}.Ad-Hoc|Any CPU.Deploy.0 = Debug|Any CPU
		{407B5155-D828-42AD-AD8A-52FE20A8857D}.Ad-Hoc|iPhone.ActiveCfg = Debug|Any CPU
		{407B5155-D828-42AD-AD8A-52FE20A8857D}.Ad-Hoc|iPhone.Build.0 = Debug|Any CPU
		{407B5155-D828-42AD-AD8A-52FE20A8857D}.Ad-Hoc|iPhone.Deploy.0 = Debug|Any CPU
		{407B5155-D828-42AD-AD8A-52FE20A8857D}.Ad-Hoc|iPhoneSimulator.ActiveCfg = Debug|Any CPU
		{407B5155-D828-42AD-AD8A-52FE20A8857D}.Ad-Hoc|iPhoneSimulator.Build.0 = Debug|Any CPU
		{407B5155-D828-42AD-AD8A-52FE20A8857D}.Ad-Hoc|iPhoneSimulator.Deploy.0 = Debug|Any CPU
		{407B5155-D828-42AD-AD8A-52FE20A8857D}.AppStore|Any CPU.ActiveCfg = Debug|Any CPU
		{407B5155-D828-42AD-AD8A-52FE20A8857D}.AppStore|Any CPU.Build.0 = Debug|Any CPU
		{407B5155-D828-42AD-AD8A-52FE20A8857D}.AppStore|Any CPU.Deploy.0 = Debug|Any CPU
		{407B5155-D828-42AD-AD8A-52FE20A8857D}.AppStore|iPhone.ActiveCfg = Debug|Any CPU
		{407B5155-D828-42AD-AD8A-52FE20A8857D}.AppStore|iPhone.Build.0 = Debug|Any CPU
		{407B5155-D828-42AD-AD8A-52FE20A8857D}.AppStore|iPhone.Deploy.0 = Debug|Any CPU
		{407B5155-D828-42AD-AD8A-52FE20A8857D}.AppStore|iPhoneSimulator.ActiveCfg = Debug|Any CPU
		{407B5155-D828-42AD-AD8A-52FE20A8857D}.AppStore|iPhoneSimulator.Build.0 = Debug|Any CPU
		{407B5155-D828-42AD-AD8A-52FE20A8857D}.AppStore|iPhoneSimulator.Deploy.0 = Debug|Any CPU
		{407B5155-D828-42AD-AD8A-52FE20A8857D}.Debug|Any CPU.ActiveCfg = Debug|Any CPU
		{407B5155-D828-42AD-AD8A-52FE20A8857D}.Debug|Any CPU.Build.0 = Debug|Any CPU
		{407B5155-D828-42AD-AD8A-52FE20A8857D}.Debug|Any CPU.Deploy.0 = Debug|Any CPU
		{407B5155-D828-42AD-AD8A-52FE20A8857D}.Debug|iPhone.ActiveCfg = Debug|Any CPU
		{407B5155-D828-42AD-AD8A-52FE20A8857D}.Debug|iPhone.Build.0 = Debug|Any CPU
		{407B5155-D828-42AD-AD8A-52FE20A8857D}.Debug|iPhone.Deploy.0 = Debug|Any CPU
		{407B5155-D828-42AD-AD8A-52FE20A8857D}.Debug|iPhoneSimulator.ActiveCfg = Debug|Any CPU
		{407B5155-D828-42AD-AD8A-52FE20A8857D}.Debug|iPhoneSimulator.Build.0 = Debug|Any CPU
		{407B5155-D828-42AD-AD8A-52FE20A8857D}.Debug|iPhoneSimulator.Deploy.0 = Debug|Any CPU
		{407B5155-D828-42AD-AD8A-52FE20A8857D}.Release|Any CPU.ActiveCfg = Release|Any CPU
		{407B5155-D828-42AD-AD8A-52FE20A8857D}.Release|Any CPU.Build.0 = Release|Any CPU
		{407B5155-D828-42AD-AD8A-52FE20A8857D}.Release|Any CPU.Deploy.0 = Release|Any CPU
		{407B5155-D828-42AD-AD8A-52FE20A8857D}.Release|iPhone.ActiveCfg = Release|Any CPU
		{407B5155-D828-42AD-AD8A-52FE20A8857D}.Release|iPhone.Build.0 = Release|Any CPU
		{407B5155-D828-42AD-AD8A-52FE20A8857D}.Release|iPhone.Deploy.0 = Release|Any CPU
		{407B5155-D828-42AD-AD8A-52FE20A8857D}.Release|iPhoneSimulator.ActiveCfg = Release|Any CPU
		{407B5155-D828-42AD-AD8A-52FE20A8857D}.Release|iPhoneSimulator.Build.0 = Release|Any CPU
		{407B5155-D828-42AD-AD8A-52FE20A8857D}.Release|iPhoneSimulator.Deploy.0 = Release|Any CPU
	EndGlobalSection
	GlobalSection(SolutionProperties) = preSolution
		HideSolutionNode = FALSE
	EndGlobalSection
	GlobalSection(ExtensibilityGlobals) = postSolution
		SolutionGuid = {1D308F50-3D0D-4707-9B7E-29A904B213F9}
	EndGlobalSection
EndGlobal
